
Microsoft Visual Studio Solution File, Format Version 12.00
# Visual Studio Version 16
VisualStudioVersion = 16.0.31829.152
MinimumVisualStudioVersion = 10.0.40219.1
Project("{FAE04EC0-301F-11D3-BF4B-00C04F79EFBC}") = "GFL_mvc_app", "GFL_mvc_app\GFL_mvc_app.csproj", "{117C8DA2-A4D5-4BC9-883B-92F28A52055F}"
EndProject
Project("{FAE04EC0-301F-11D3-BF4B-00C04F79EFBC}") = "DataFolders.EF", "DataFolders.EF\DataFolders.EF.csproj", "{7703CCE1-9859-474A-B439-C89A828E6695}"
EndProject
Project("{FAE04EC0-301F-11D3-BF4B-00C04F79EFBC}") = "Models", "Models\Models.csproj", "{B8427A51-7099-4AB2-8A46-1F2DD750B6CF}"
EndProject
Project("{FAE04EC0-301F-11D3-BF4B-00C04F79EFBC}") = "Services", "Services\Services.csproj", "{10EEC878-F265-43CA-8340-64D5CAF79E87}"
EndProject
Project("{9A19103F-16F7-4668-BE54-9A1E7A4F7556}") = "Exp_imp_xml_data_with_folders", "Exp_imp_xml_data_with_folders\Exp_imp_xml_data_with_folders.csproj", "{7D8C8CD7-B8AC-4228-98EF-27CE419F8BF3}"
EndProject
Global
	GlobalSection(SolutionConfigurationPlatforms) = preSolution
		Debug|Any CPU = Debug|Any CPU
		Release|Any CPU = Release|Any CPU
	EndGlobalSection
	GlobalSection(ProjectConfigurationPlatforms) = postSolution
		{117C8DA2-A4D5-4BC9-883B-92F28A52055F}.Debug|Any CPU.ActiveCfg = Debug|Any CPU
		{117C8DA2-A4D5-4BC9-883B-92F28A52055F}.Debug|Any CPU.Build.0 = Debug|Any CPU
		{117C8DA2-A4D5-4BC9-883B-92F28A52055F}.Release|Any CPU.ActiveCfg = Release|Any CPU
		{117C8DA2-A4D5-4BC9-883B-92F28A52055F}.Release|Any CPU.Build.0 = Release|Any CPU
		{7703CCE1-9859-474A-B439-C89A828E6695}.Debug|Any CPU.ActiveCfg = Debug|Any CPU
		{7703CCE1-9859-474A-B439-C89A828E6695}.Debug|Any CPU.Build.0 = Debug|Any CPU
		{7703CCE1-9859-474A-B439-C89A828E6695}.Release|Any CPU.ActiveCfg = Release|Any CPU
		{7703CCE1-9859-474A-B439-C89A828E6695}.Release|Any CPU.Build.0 = Release|Any CPU
		{B8427A51-7099-4AB2-8A46-1F2DD750B6CF}.Debug|Any CPU.ActiveCfg = Debug|Any CPU
		{B8427A51-7099-4AB2-8A46-1F2DD750B6CF}.Debug|Any CPU.Build.0 = Debug|Any CPU
		{B8427A51-7099-4AB2-8A46-1F2DD750B6CF}.Release|Any CPU.ActiveCfg = Release|Any CPU
		{B8427A51-7099-4AB2-8A46-1F2DD750B6CF}.Release|Any CPU.Build.0 = Release|Any CPU
		{10EEC878-F265-43CA-8340-64D5CAF79E87}.Debug|Any CPU.ActiveCfg = Debug|Any CPU
		{10EEC878-F265-43CA-8340-64D5CAF79E87}.Debug|Any CPU.Build.0 = Debug|Any CPU
		{10EEC878-F265-43CA-8340-64D5CAF79E87}.Release|Any CPU.ActiveCfg = Release|Any CPU
		{10EEC878-F265-43CA-8340-64D5CAF79E87}.Release|Any CPU.Build.0 = Release|Any CPU
		{7D8C8CD7-B8AC-4228-98EF-27CE419F8BF3}.Debug|Any CPU.ActiveCfg = Debug|Any CPU
		{7D8C8CD7-B8AC-4228-98EF-27CE419F8BF3}.Debug|Any CPU.Build.0 = Debug|Any CPU
		{7D8C8CD7-B8AC-4228-98EF-27CE419F8BF3}.Release|Any CPU.ActiveCfg = Release|Any CPU
		{7D8C8CD7-B8AC-4228-98EF-27CE419F8BF3}.Release|Any CPU.Build.0 = Release|Any CPU
	EndGlobalSection
	GlobalSection(SolutionProperties) = preSolution
		HideSolutionNode = FALSE
	EndGlobalSection
	GlobalSection(ExtensibilityGlobals) = postSolution
		SolutionGuid = {E13D02C3-6A7F-42FD-9AA6-C50EF9B20D27}
	EndGlobalSection
EndGlobal
